
Microsoft Visual Studio Solution File, Format Version 12.00
# Visual Studio 15
Project("{FAE04EC0-301F-11D3-BF4B-00C04F79EFBC}") = "Unity.Timeline", "Unity.Timeline.csproj", "{2C2123A6-0C57-76D9-2F4B-34414D2A263C}"
EndProject
Project("{FAE04EC0-301F-11D3-BF4B-00C04F79EFBC}") = "Unity.PlasticSCM.Editor", "Unity.PlasticSCM.Editor.csproj", "{3E15F4BA-8EBE-C4E2-01FA-27CD92596B54}"
EndProject
Project("{FAE04EC0-301F-11D3-BF4B-00C04F79EFBC}") = "Unity.ShaderGraph.Editor", "Unity.ShaderGraph.Editor.csproj", "{F63ACD23-BA21-A1A3-6B6D-6C30C5624260}"
EndProject
Project("{FAE04EC0-301F-11D3-BF4B-00C04F79EFBC}") = "Unity.2D.Aseprite.Editor", "Unity.2D.Aseprite.Editor.csproj", "{75282058-4507-BB26-723A-70CE1D15C5B9}"
EndProject
Project("{FAE04EC0-301F-11D3-BF4B-00C04F79EFBC}") = "Unity.VisualScripting.Flow", "Unity.VisualScripting.Flow.csproj", "{E53123CF-3371-C127-3024-C3A0BCB270E4}"
EndProject
Project("{FAE04EC0-301F-11D3-BF4B-00C04F79EFBC}") = "Unity.RenderPipelines.Universal.Runtime", "Unity.RenderPipelines.Universal.Runtime.csproj", "{11F3DB62-AD4D-A384-48CC-ADFCA18052A4}"
EndProject
Project("{FAE04EC0-301F-11D3-BF4B-00C04F79EFBC}") = "UnityEditor.UI", "UnityEditor.UI.csproj", "{F31232D7-3208-2482-8496-5354BF714533}"
EndProject
Project("{FAE04EC0-301F-11D3-BF4B-00C04F79EFBC}") = "Unity.Timeline.Editor", "Unity.Timeline.Editor.csproj", "{8DB2DF31-3FD1-0E7C-A511-D8B329A3551B}"
EndProject
Project("{FAE04EC0-301F-11D3-BF4B-00C04F79EFBC}") = "Unity.RenderPipelines.Core.Runtime", "Unity.RenderPipelines.Core.Runtime.csproj", "{9AC6C041-C8F5-A040-D47B-57B7E0456230}"
EndProject
Project("{FAE04EC0-301F-11D3-BF4B-00C04F79EFBC}") = "Unity.Mathematics", "Unity.Mathematics.csproj", "{8910DE76-3D08-F18B-BDC7-26B07788B1E2}"
EndProject
Project("{FAE04EC0-301F-11D3-BF4B-00C04F79EFBC}") = "Unity.RenderPipelines.Core.Editor", "Unity.RenderPipelines.Core.Editor.csproj", "{7174807D-85F5-A1B4-773B-60D93056570B}"
EndProject
Project("{FAE04EC0-301F-11D3-BF4B-00C04F79EFBC}") = "Unity.2D.Common.Path.Editor", "Unity.2D.Common.Path.Editor.csproj", "{0B904444-4F61-A4FE-CE66-17214B66A1B6}"
EndProject
Project("{FAE04EC0-301F-11D3-BF4B-00C04F79EFBC}") = "Unity.2D.Psdimporter.Editor", "Unity.2D.Psdimporter.Editor.csproj", "{FF6CB2F9-075E-B02C-D423-1B3650787A3A}"
EndProject
Project("{FAE04EC0-301F-11D3-BF4B-00C04F79EFBC}") = "Unity.VisualScripting.Core.Editor", "Unity.VisualScripting.Core.Editor.csproj", "{DDE5AF80-E994-A45E-3169-3D9772A4277D}"
EndProject
Project("{FAE04EC0-301F-11D3-BF4B-00C04F79EFBC}") = "Unity.2D.IK.Runtime", "Unity.2D.IK.Runtime.csproj", "{34161B49-DA25-4EAA-5713-EC66B768CF4C}"
EndProject
Project("{FAE04EC0-301F-11D3-BF4B-00C04F79EFBC}") = "UnityEditor.TestRunner", "UnityEditor.TestRunner.csproj", "{7F7E9DBA-A61F-D54E-5B5A-D44A7DCB03E7}"
EndProject
Project("{FAE04EC0-301F-11D3-BF4B-00C04F79EFBC}") = "Unity.RenderPipelines.Universal.Editor", "Unity.RenderPipelines.Universal.Editor.csproj", "{6C3F94B0-B74F-A2DC-1D54-64C13D74944D}"
EndProject
Project("{FAE04EC0-301F-11D3-BF4B-00C04F79EFBC}") = "Unity.TextMeshPro.Editor", "Unity.TextMeshPro.Editor.csproj", "{58808777-FC21-E8C8-122C-BDECDB8734B5}"
EndProject
Project("{FAE04EC0-301F-11D3-BF4B-00C04F79EFBC}") = "Unity.VisualScripting.Flow.Editor", "Unity.VisualScripting.Flow.Editor.csproj", "{96DD78E4-5C45-4C0C-E75C-6374A6D00DE1}"
EndProject
Project("{FAE04EC0-301F-11D3-BF4B-00C04F79EFBC}") = "UnityEngine.TestRunner", "UnityEngine.TestRunner.csproj", "{D49A7AC2-FE18-B164-9406-D27B85EDC5F3}"
EndProject
Project("{FAE04EC0-301F-11D3-BF4B-00C04F79EFBC}") = "Unity.VisualScripting.Core", "Unity.VisualScripting.Core.csproj", "{0EE8200D-C1E4-166E-1189-5B429F0E89CA}"
EndProject
Project("{FAE04EC0-301F-11D3-BF4B-00C04F79EFBC}") = "Unity.2D.Tilemap.Editor", "Unity.2D.Tilemap.Editor.csproj", "{FAF878F7-84D0-4108-20BD-B1DEE08D0C9C}"
EndProject
Project("{FAE04EC0-301F-11D3-BF4B-00C04F79EFBC}") = "Unity.Searcher.Editor", "Unity.Searcher.Editor.csproj", "{526AAB5D-80E3-C038-9C0F-282E4FBD51ED}"
EndProject
Project("{FAE04EC0-301F-11D3-BF4B-00C04F79EFBC}") = "Unity.Burst", "Unity.Burst.csproj", "{A92F654A-7B0F-69CB-E1AF-0C24BC8751D1}"
EndProject
Project("{FAE04EC0-301F-11D3-BF4B-00C04F79EFBC}") = "PsdPlugin", "PsdPlugin.csproj", "{B0FB5B1F-0251-B3DD-6D09-55718DFFBE80}"
EndProject
Project("{FAE04EC0-301F-11D3-BF4B-00C04F79EFBC}") = "Unity.AI.Navigation.Editor", "Unity.AI.Navigation.Editor.csproj", "{9DB5F761-9C96-E3DB-2FB6-E1A387EF551F}"
EndProject
Project("{FAE04EC0-301F-11D3-BF4B-00C04F79EFBC}") = "Unity.Collections", "Unity.Collections.csproj", "{335C346C-32D0-47C0-0C64-533F67C222E2}"
EndProject
Project("{FAE04EC0-301F-11D3-BF4B-00C04F79EFBC}") = "Unity.2D.Animation.Editor", "Unity.2D.Animation.Editor.csproj", "{4F1D54B2-FE61-88F3-88A2-7F1495DB6FD1}"
EndProject
Project("{FAE04EC0-301F-11D3-BF4B-00C04F79EFBC}") = "Unity.2D.SpriteShape.Editor", "Unity.2D.SpriteShape.Editor.csproj", "{D98EDE12-45E9-2756-A3E3-0C007C3B8816}"
EndProject
Project("{FAE04EC0-301F-11D3-BF4B-00C04F79EFBC}") = "Unity.VisualStudio.Editor", "Unity.VisualStudio.Editor.csproj", "{2A47903C-7A1A-1B8B-5B5C-EF9F87E82CE7}"
EndProject
Project("{FAE04EC0-301F-11D3-BF4B-00C04F79EFBC}") = "PPv2URPConverters", "PPv2URPConverters.csproj", "{FA72B9EA-E4D6-7A40-25FE-4811C71354B4}"
EndProject
Project("{FAE04EC0-301F-11D3-BF4B-00C04F79EFBC}") = "Unity.Rider.Editor", "Unity.Rider.Editor.csproj", "{4E3A1E03-CD0B-3667-05C8-B7CC651287AE}"
EndProject
Project("{FAE04EC0-301F-11D3-BF4B-00C04F79EFBC}") = "Unity.InternalAPIEditorBridge.001", "Unity.InternalAPIEditorBridge.001.csproj", "{EDDAAA90-4EB3-DA5D-4E14-2028E0C7DD36}"
EndProject
Project("{FAE04EC0-301F-11D3-BF4B-00C04F79EFBC}") = "NavMeshPlusEditor", "NavMeshPlusEditor.csproj", "{EBA6687D-7E21-FC9B-0275-28B3683A9E9F}"
EndProject
Project("{FAE04EC0-301F-11D3-BF4B-00C04F79EFBC}") = "Unity.2D.SpriteShape.Runtime", "Unity.2D.SpriteShape.Runtime.csproj", "{A2C18DC8-BB49-F120-A113-24AF5D623F86}"
EndProject
Project("{FAE04EC0-301F-11D3-BF4B-00C04F79EFBC}") = "NavMeshPlus", "NavMeshPlus.csproj", "{FDF19A36-F3BE-6C8C-C1CC-30DE6B379FC9}"
EndProject
Project("{FAE04EC0-301F-11D3-BF4B-00C04F79EFBC}") = "Unity.AI.Navigation.Editor.ConversionSystem", "Unity.AI.Navigation.Editor.ConversionSystem.csproj", "{FF87BE36-384B-075D-42B1-EF940A309CB4}"
EndProject
Project("{FAE04EC0-301F-11D3-BF4B-00C04F79EFBC}") = "Unity.VisualScripting.State.Editor", "Unity.VisualScripting.State.Editor.csproj", "{F80F74A5-4944-0ADB-B2E6-EE62657AB2E3}"
EndProject
Project("{FAE04EC0-301F-11D3-BF4B-00C04F79EFBC}") = "UnityEngine.UI", "UnityEngine.UI.csproj", "{2C401F66-4748-6B1C-F8C6-4075236042B3}"
EndProject
Project("{FAE04EC0-301F-11D3-BF4B-00C04F79EFBC}") = "Unity.Burst.CodeGen", "Unity.Burst.CodeGen.csproj", "{0C844639-1E48-2EAD-9671-663C45124267}"
EndProject
Project("{FAE04EC0-301F-11D3-BF4B-00C04F79EFBC}") = "Unity.RenderPipeline.Universal.ShaderLibrary", "Unity.RenderPipeline.Universal.ShaderLibrary.csproj", "{2E2B7EFA-1FD3-6A7E-5A01-4D70F21AAEC4}"
EndProject
Project("{FAE04EC0-301F-11D3-BF4B-00C04F79EFBC}") = "Unity.AI.Navigation", "Unity.AI.Navigation.csproj", "{826108B3-4081-CF44-F77D-59A8C42141AA}"
EndProject
Project("{FAE04EC0-301F-11D3-BF4B-00C04F79EFBC}") = "Unity.VisualScripting.State", "Unity.VisualScripting.State.csproj", "{61BF3371-1080-4C53-5F0F-E9C08122BC99}"
EndProject
Project("{FAE04EC0-301F-11D3-BF4B-00C04F79EFBC}") = "Unity.TextMeshPro", "Unity.TextMeshPro.csproj", "{6371C204-C7FC-C277-0847-D0C454C769DD}"
EndProject
Project("{FAE04EC0-301F-11D3-BF4B-00C04F79EFBC}") = "Unity.2D.Tilemap.Extras.Editor", "Unity.2D.Tilemap.Extras.Editor.csproj", "{1D7F8DF6-64BD-1C84-8BC6-0FC86484FFDF}"
EndProject
Project("{FAE04EC0-301F-11D3-BF4B-00C04F79EFBC}") = "Unity.2D.Animation.Runtime", "Unity.2D.Animation.Runtime.csproj", "{7861A76F-C719-C929-66C3-B7546A44738C}"
EndProject
Project("{FAE04EC0-301F-11D3-BF4B-00C04F79EFBC}") = "Unity.VisualScripting.SettingsProvider.Editor", "Unity.VisualScripting.SettingsProvider.Editor.csproj", "{0467FAAE-B7B7-BD17-FFEC-9103EC02341B}"
EndProject
Project("{FAE04EC0-301F-11D3-BF4B-00C04F79EFBC}") = "Unity.2D.IK.Editor", "Unity.2D.IK.Editor.csproj", "{4558E139-FC10-77DA-EB83-C799FCBA9F03}"
EndProject
Project("{FAE04EC0-301F-11D3-BF4B-00C04F79EFBC}") = "Unity.InternalAPIEngineBridge.001", "Unity.InternalAPIEngineBridge.001.csproj", "{E23C6754-D90F-5D31-6B2F-82DF97687C0D}"
EndProject
Project("{FAE04EC0-301F-11D3-BF4B-00C04F79EFBC}") = "Unity.2D.Aseprite.Common", "Unity.2D.Aseprite.Common.csproj", "{3FEA41DE-F431-1FF3-5A21-2448D1A743F3}"
EndProject
Project("{FAE04EC0-301F-11D3-BF4B-00C04F79EFBC}") = "Unity.Burst.Editor", "Unity.Burst.Editor.csproj", "{5D589014-DCF3-B199-814A-83D7D35F8AEB}"
EndProject
Project("{FAE04EC0-301F-11D3-BF4B-00C04F79EFBC}") = "Unity.2D.Common.Editor", "Unity.2D.Common.Editor.csproj", "{B34ED357-6DF7-FC57-2508-07A2AC44D6D6}"
EndProject
Project("{FAE04EC0-301F-11D3-BF4B-00C04F79EFBC}") = "Unity.AI.Navigation.Updater", "Unity.AI.Navigation.Updater.csproj", "{F151E502-8E93-A4EA-5A60-A547F58AB4E2}"
EndProject
Project("{FAE04EC0-301F-11D3-BF4B-00C04F79EFBC}") = "Unity.RenderPipelines.Universal.2D.Internal", "Unity.RenderPipelines.Universal.2D.Internal.csproj", "{ABC64FC0-4B78-69E1-4D1D-54AC60AD7693}"
EndProject
Project("{FAE04EC0-301F-11D3-BF4B-00C04F79EFBC}") = "Unity.2D.PixelPerfect", "Unity.2D.PixelPerfect.csproj", "{59C14B3E-A89A-518B-2589-80D0AC7F9C80}"
EndProject
Project("{FAE04EC0-301F-11D3-BF4B-00C04F79EFBC}") = "Unity.2D.PixelPerfect.Editor", "Unity.2D.PixelPerfect.Editor.csproj", "{C9B30F87-6F6D-6A14-5DCF-62CBB0A026A6}"
EndProject
Project("{FAE04EC0-301F-11D3-BF4B-00C04F79EFBC}") = "Unity.2D.Common.Runtime", "Unity.2D.Common.Runtime.csproj", "{520834A5-AD91-319A-0677-850DCE8E92A4}"
EndProject
Project("{FAE04EC0-301F-11D3-BF4B-00C04F79EFBC}") = "Unity.2D.Sprite.Editor", "Unity.2D.Sprite.Editor.csproj", "{404CCAD0-414F-C7B2-7F62-29DF367B5819}"
EndProject
Project("{FAE04EC0-301F-11D3-BF4B-00C04F79EFBC}") = "Unity.Mathematics.Editor", "Unity.Mathematics.Editor.csproj", "{DD48CDF8-146B-8D52-E081-6F2A982C7925}"
EndProject
Project("{FAE04EC0-301F-11D3-BF4B-00C04F79EFBC}") = "Unity.2D.Tilemap.Extras", "Unity.2D.Tilemap.Extras.csproj", "{11ADA63D-3195-E002-2493-B3F751EC0BA3}"
EndProject
Project("{FAE04EC0-301F-11D3-BF4B-00C04F79EFBC}") = "Unity.CollabProxy.Editor", "Unity.CollabProxy.Editor.csproj", "{B9D420C5-9813-9711-36F9-5D1F59BC34DD}"
EndProject
Project("{FAE04EC0-301F-11D3-BF4B-00C04F79EFBC}") = "Unity.ShaderGraph.Utilities", "Unity.ShaderGraph.Utilities.csproj", "{0C521D78-8795-68B4-373A-CBEE2D51C46D}"
EndProject
Project("{FAE04EC0-301F-11D3-BF4B-00C04F79EFBC}") = "Unity.VisualScripting.Shared.Editor", "Unity.VisualScripting.Shared.Editor.csproj", "{27778478-51D9-72CE-CB7D-8FE956E8D7C8}"
EndProject
Project("{FAE04EC0-301F-11D3-BF4B-00C04F79EFBC}") = "Unity.Collections.DocCodeSamples", "Unity.Collections.DocCodeSamples.csproj", "{81D6D5DA-E562-7DC6-B9D8-60BA2B11D3D7}"
EndProject
Project("{FAE04EC0-301F-11D3-BF4B-00C04F79EFBC}") = "Unity.PlasticSCM.Editor.Entities", "Unity.PlasticSCM.Editor.Entities.csproj", "{9A5C4C0E-EA6B-CF0C-3F64-31EFE5945703}"
EndProject
Project("{FAE04EC0-301F-11D3-BF4B-00C04F79EFBC}") = "Assembly-CSharp", "Assembly-CSharp.csproj", "{400AB9A7-8A0D-522B-CC30-AE1F6980F1D4}"
EndProject
Project("{FAE04EC0-301F-11D3-BF4B-00C04F79EFBC}") = "Unity.Collections.BurstCompatibilityGen", "Unity.Collections.BurstCompatibilityGen.csproj", "{B12502C1-FBDE-E4BE-A179-57DECB718BA2}"
EndProject
Project("{FAE04EC0-301F-11D3-BF4B-00C04F79EFBC}") = "Unity.RenderPipelines.Universal.Config.Runtime", "Unity.RenderPipelines.Universal.Config.Runtime.csproj", "{71BBFC9C-168E-6970-205F-E6FA2C9D0757}"
EndProject
Project("{FAE04EC0-301F-11D3-BF4B-00C04F79EFBC}") = "Unity.RenderPipelines.ShaderGraph.ShaderGraphLibrary", "Unity.RenderPipelines.ShaderGraph.ShaderGraphLibrary.csproj", "{D1DEFBC7-5F05-B9A0-2725-66124820C438}"
EndProject
Project("{FAE04EC0-301F-11D3-BF4B-00C04F79EFBC}") = "Unity.RenderPipelines.Core.ShaderLibrary", "Unity.RenderPipelines.Core.ShaderLibrary.csproj", "{41196307-F841-216F-B181-929BAEF2DB61}"
EndProject
Project("{FAE04EC0-301F-11D3-BF4B-00C04F79EFBC}") = "Unity.RenderPipelines.Universal.Shaders", "Unity.RenderPipelines.Universal.Shaders.csproj", "{F40B49B2-41FD-D613-86C1-9EAD75E1A3DF}"
EndProject
Project("{FAE04EC0-301F-11D3-BF4B-00C04F79EFBC}") = "Unity.Timeline", "Unity.Timeline.Player.csproj", "{F278252F-7C71-C2E5-0E0A-1A49264D7602}"
EndProject
Project("{FAE04EC0-301F-11D3-BF4B-00C04F79EFBC}") = "Unity.VisualScripting.Flow", "Unity.VisualScripting.Flow.Player.csproj", "{1593C57E-9410-66C0-A9B1-E911B39656D0}"
EndProject
Project("{FAE04EC0-301F-11D3-BF4B-00C04F79EFBC}") = "Unity.RenderPipelines.Universal.Runtime", "Unity.RenderPipelines.Universal.Runtime.Player.csproj", "{13381852-6994-823E-E2DF-00B7E2004966}"
EndProject
Project("{FAE04EC0-301F-11D3-BF4B-00C04F79EFBC}") = "Unity.RenderPipelines.Core.Runtime", "Unity.RenderPipelines.Core.Runtime.Player.csproj", "{6FC00B33-7D3A-043C-DBA5-9F401ADD98FD}"
EndProject
Project("{FAE04EC0-301F-11D3-BF4B-00C04F79EFBC}") = "Unity.Mathematics", "Unity.Mathematics.Player.csproj", "{C7E57CAF-9CC6-26D9-C0B8-7989EFBDD868}"
EndProject
Project("{FAE04EC0-301F-11D3-BF4B-00C04F79EFBC}") = "Unity.2D.IK.Runtime", "Unity.2D.IK.Runtime.Player.csproj", "{18D3D19A-8D49-11A8-7161-0B4294B4CFDE}"
EndProject
Project("{FAE04EC0-301F-11D3-BF4B-00C04F79EFBC}") = "UnityEngine.TestRunner", "UnityEngine.TestRunner.Player.csproj", "{C2376FDE-FB22-F4FE-F86F-E19C93C43698}"
EndProject
Project("{FAE04EC0-301F-11D3-BF4B-00C04F79EFBC}") = "Unity.VisualScripting.Core", "Unity.VisualScripting.Core.Player.csproj", "{6DC57BDC-1483-BA92-B634-A795B744EB02}"
EndProject
Project("{FAE04EC0-301F-11D3-BF4B-00C04F79EFBC}") = "Unity.Burst", "Unity.Burst.Player.csproj", "{EBE7B08A-3898-5B80-CCD7-2451CB05ECA4}"
EndProject
Project("{FAE04EC0-301F-11D3-BF4B-00C04F79EFBC}") = "Unity.Collections", "Unity.Collections.Player.csproj", "{65FD9AAC-8E5D-26CA-67CE-F80F36D80AF3}"
EndProject
Project("{FAE04EC0-301F-11D3-BF4B-00C04F79EFBC}") = "Unity.2D.SpriteShape.Runtime", "Unity.2D.SpriteShape.Runtime.Player.csproj", "{8BA7E70D-433E-91D1-9E30-22A68E5AE89A}"
EndProject
Project("{FAE04EC0-301F-11D3-BF4B-00C04F79EFBC}") = "NavMeshPlus", "NavMeshPlus.Player.csproj", "{1CDEE6E3-4BD3-3450-49A2-468453382B0D}"
EndProject
Project("{FAE04EC0-301F-11D3-BF4B-00C04F79EFBC}") = "UnityEngine.UI", "UnityEngine.UI.Player.csproj", "{123E2540-EA7A-8419-1B0A-54D87020C2A5}"
EndProject
Project("{FAE04EC0-301F-11D3-BF4B-00C04F79EFBC}") = "Unity.RenderPipeline.Universal.ShaderLibrary", "Unity.RenderPipeline.Universal.ShaderLibrary.Player.csproj", "{9C8C2008-4FCB-DE68-1523-EC9E041AFAE4}"
EndProject
Project("{FAE04EC0-301F-11D3-BF4B-00C04F79EFBC}") = "Unity.AI.Navigation", "Unity.AI.Navigation.Player.csproj", "{C7A1D2DC-34F0-CD68-E9D0-D8DDA7513BB6}"
EndProject
Project("{FAE04EC0-301F-11D3-BF4B-00C04F79EFBC}") = "Unity.VisualScripting.State", "Unity.VisualScripting.State.Player.csproj", "{7B251EBF-6A8C-1942-C5ED-840494AC62C5}"
EndProject
Project("{FAE04EC0-301F-11D3-BF4B-00C04F79EFBC}") = "Unity.TextMeshPro", "Unity.TextMeshPro.Player.csproj", "{BF9B6354-D1CE-6DF3-907A-5ECEA88059CB}"
EndProject
Project("{FAE04EC0-301F-11D3-BF4B-00C04F79EFBC}") = "Unity.2D.Animation.Runtime", "Unity.2D.Animation.Runtime.Player.csproj", "{94EB1D2C-84CB-29F0-DD19-92F09028528C}"
EndProject
Project("{FAE04EC0-301F-11D3-BF4B-00C04F79EFBC}") = "Unity.InternalAPIEngineBridge.001", "Unity.InternalAPIEngineBridge.001.Player.csproj", "{B591DAAB-CA49-B41F-C094-90DC39B0C1A4}"
EndProject
Project("{FAE04EC0-301F-11D3-BF4B-00C04F79EFBC}") = "Unity.RenderPipelines.Universal.2D.Internal", "Unity.RenderPipelines.Universal.2D.Internal.Player.csproj", "{69E5B1DB-15C4-0E4B-F2A8-017EEED68943}"
EndProject
Project("{FAE04EC0-301F-11D3-BF4B-00C04F79EFBC}") = "Unity.2D.PixelPerfect", "Unity.2D.PixelPerfect.Player.csproj", "{8C3128F8-7744-DA6D-9FE8-6A2ED51D4110}"
EndProject
Project("{FAE04EC0-301F-11D3-BF4B-00C04F79EFBC}") = "Unity.2D.Common.Runtime", "Unity.2D.Common.Runtime.Player.csproj", "{9CEEC76F-30C9-0861-8E18-2CC1BD09AF3B}"
EndProject
Project("{FAE04EC0-301F-11D3-BF4B-00C04F79EFBC}") = "Unity.2D.Tilemap.Extras", "Unity.2D.Tilemap.Extras.Player.csproj", "{AAFF75A3-F5FD-AAC7-3EB4-0140BDD47E0F}"
EndProject
Project("{FAE04EC0-301F-11D3-BF4B-00C04F79EFBC}") = "Assembly-CSharp", "Assembly-CSharp.Player.csproj", "{DDC6D9E0-2B41-A542-7884-EB67755CD028}"
EndProject
Project("{FAE04EC0-301F-11D3-BF4B-00C04F79EFBC}") = "Unity.RenderPipelines.Universal.Config.Runtime", "Unity.RenderPipelines.Universal.Config.Runtime.Player.csproj", "{87B00A5C-5CB6-55F7-FAB8-EC2DBC4E6054}"
EndProject
Project("{FAE04EC0-301F-11D3-BF4B-00C04F79EFBC}") = "Unity.RenderPipelines.ShaderGraph.ShaderGraphLibrary", "Unity.RenderPipelines.ShaderGraph.ShaderGraphLibrary.Player.csproj", "{17B78AE8-5E57-D6EF-4646-BDF82FD1A62E}"
EndProject
Project("{FAE04EC0-301F-11D3-BF4B-00C04F79EFBC}") = "Unity.RenderPipelines.Core.ShaderLibrary", "Unity.RenderPipelines.Core.ShaderLibrary.Player.csproj", "{AA9D3745-356C-0CE6-AA80-0F8EB3DDEEA1}"
EndProject
Project("{FAE04EC0-301F-11D3-BF4B-00C04F79EFBC}") = "Unity.RenderPipelines.Universal.Shaders", "Unity.RenderPipelines.Universal.Shaders.Player.csproj", "{1A60922D-5EE1-9AEF-9163-D2EC41A3165B}"
EndProject
Global
	GlobalSection(SolutionConfigurationPlatforms) = preSolution
		Debug|Any CPU = Debug|Any CPU
		Release|Any CPU = Release|Any CPU
	EndGlobalSection
	GlobalSection(ProjectConfigurationPlatforms) = postSolution
		{2C2123A6-0C57-76D9-2F4B-34414D2A263C}.Debug|Any CPU.ActiveCfg = Debug|Any CPU
		{2C2123A6-0C57-76D9-2F4B-34414D2A263C}.Debug|Any CPU.Build.0 = Debug|Any CPU
		{2C2123A6-0C57-76D9-2F4B-34414D2A263C}.Release|Any CPU.ActiveCfg = Release|Any CPU
		{2C2123A6-0C57-76D9-2F4B-34414D2A263C}.Release|Any CPU.Build.0 = Release|Any CPU
		{3E15F4BA-8EBE-C4E2-01FA-27CD92596B54}.Debug|Any CPU.ActiveCfg = Debug|Any CPU
		{3E15F4BA-8EBE-C4E2-01FA-27CD92596B54}.Debug|Any CPU.Build.0 = Debug|Any CPU
		{3E15F4BA-8EBE-C4E2-01FA-27CD92596B54}.Release|Any CPU.ActiveCfg = Release|Any CPU
		{3E15F4BA-8EBE-C4E2-01FA-27CD92596B54}.Release|Any CPU.Build.0 = Release|Any CPU
		{F63ACD23-BA21-A1A3-6B6D-6C30C5624260}.Debug|Any CPU.ActiveCfg = Debug|Any CPU
		{F63ACD23-BA21-A1A3-6B6D-6C30C5624260}.Debug|Any CPU.Build.0 = Debug|Any CPU
		{F63ACD23-BA21-A1A3-6B6D-6C30C5624260}.Release|Any CPU.ActiveCfg = Release|Any CPU
		{F63ACD23-BA21-A1A3-6B6D-6C30C5624260}.Release|Any CPU.Build.0 = Release|Any CPU
		{75282058-4507-BB26-723A-70CE1D15C5B9}.Debug|Any CPU.ActiveCfg = Debug|Any CPU
		{75282058-4507-BB26-723A-70CE1D15C5B9}.Debug|Any CPU.Build.0 = Debug|Any CPU
		{75282058-4507-BB26-723A-70CE1D15C5B9}.Release|Any CPU.ActiveCfg = Release|Any CPU
		{75282058-4507-BB26-723A-70CE1D15C5B9}.Release|Any CPU.Build.0 = Release|Any CPU
		{E53123CF-3371-C127-3024-C3A0BCB270E4}.Debug|Any CPU.ActiveCfg = Debug|Any CPU
		{E53123CF-3371-C127-3024-C3A0BCB270E4}.Debug|Any CPU.Build.0 = Debug|Any CPU
		{E53123CF-3371-C127-3024-C3A0BCB270E4}.Release|Any CPU.ActiveCfg = Release|Any CPU
		{E53123CF-3371-C127-3024-C3A0BCB270E4}.Release|Any CPU.Build.0 = Release|Any CPU
		{11F3DB62-AD4D-A384-48CC-ADFCA18052A4}.Debug|Any CPU.ActiveCfg = Debug|Any CPU
		{11F3DB62-AD4D-A384-48CC-ADFCA18052A4}.Debug|Any CPU.Build.0 = Debug|Any CPU
		{11F3DB62-AD4D-A384-48CC-ADFCA18052A4}.Release|Any CPU.ActiveCfg = Release|Any CPU
		{11F3DB62-AD4D-A384-48CC-ADFCA18052A4}.Release|Any CPU.Build.0 = Release|Any CPU
		{F31232D7-3208-2482-8496-5354BF714533}.Debug|Any CPU.ActiveCfg = Debug|Any CPU
		{F31232D7-3208-2482-8496-5354BF714533}.Debug|Any CPU.Build.0 = Debug|Any CPU
		{F31232D7-3208-2482-8496-5354BF714533}.Release|Any CPU.ActiveCfg = Release|Any CPU
		{F31232D7-3208-2482-8496-5354BF714533}.Release|Any CPU.Build.0 = Release|Any CPU
		{8DB2DF31-3FD1-0E7C-A511-D8B329A3551B}.Debug|Any CPU.ActiveCfg = Debug|Any CPU
		{8DB2DF31-3FD1-0E7C-A511-D8B329A3551B}.Debug|Any CPU.Build.0 = Debug|Any CPU
		{8DB2DF31-3FD1-0E7C-A511-D8B329A3551B}.Release|Any CPU.ActiveCfg = Release|Any CPU
		{8DB2DF31-3FD1-0E7C-A511-D8B329A3551B}.Release|Any CPU.Build.0 = Release|Any CPU
		{9AC6C041-C8F5-A040-D47B-57B7E0456230}.Debug|Any CPU.ActiveCfg = Debug|Any CPU
		{9AC6C041-C8F5-A040-D47B-57B7E0456230}.Debug|Any CPU.Build.0 = Debug|Any CPU
		{9AC6C041-C8F5-A040-D47B-57B7E0456230}.Release|Any CPU.ActiveCfg = Release|Any CPU
		{9AC6C041-C8F5-A040-D47B-57B7E0456230}.Release|Any CPU.Build.0 = Release|Any CPU
		{8910DE76-3D08-F18B-BDC7-26B07788B1E2}.Debug|Any CPU.ActiveCfg = Debug|Any CPU
		{8910DE76-3D08-F18B-BDC7-26B07788B1E2}.Debug|Any CPU.Build.0 = Debug|Any CPU
		{8910DE76-3D08-F18B-BDC7-26B07788B1E2}.Release|Any CPU.ActiveCfg = Release|Any CPU
		{8910DE76-3D08-F18B-BDC7-26B07788B1E2}.Release|Any CPU.Build.0 = Release|Any CPU
		{7174807D-85F5-A1B4-773B-60D93056570B}.Debug|Any CPU.ActiveCfg = Debug|Any CPU
		{7174807D-85F5-A1B4-773B-60D93056570B}.Debug|Any CPU.Build.0 = Debug|Any CPU
		{7174807D-85F5-A1B4-773B-60D93056570B}.Release|Any CPU.ActiveCfg = Release|Any CPU
		{7174807D-85F5-A1B4-773B-60D93056570B}.Release|Any CPU.Build.0 = Release|Any CPU
		{0B904444-4F61-A4FE-CE66-17214B66A1B6}.Debug|Any CPU.ActiveCfg = Debug|Any CPU
		{0B904444-4F61-A4FE-CE66-17214B66A1B6}.Debug|Any CPU.Build.0 = Debug|Any CPU
		{0B904444-4F61-A4FE-CE66-17214B66A1B6}.Release|Any CPU.ActiveCfg = Release|Any CPU
		{0B904444-4F61-A4FE-CE66-17214B66A1B6}.Release|Any CPU.Build.0 = Release|Any CPU
		{FF6CB2F9-075E-B02C-D423-1B3650787A3A}.Debug|Any CPU.ActiveCfg = Debug|Any CPU
		{FF6CB2F9-075E-B02C-D423-1B3650787A3A}.Debug|Any CPU.Build.0 = Debug|Any CPU
		{FF6CB2F9-075E-B02C-D423-1B3650787A3A}.Release|Any CPU.ActiveCfg = Release|Any CPU
		{FF6CB2F9-075E-B02C-D423-1B3650787A3A}.Release|Any CPU.Build.0 = Release|Any CPU
		{DDE5AF80-E994-A45E-3169-3D9772A4277D}.Debug|Any CPU.ActiveCfg = Debug|Any CPU
		{DDE5AF80-E994-A45E-3169-3D9772A4277D}.Debug|Any CPU.Build.0 = Debug|Any CPU
		{DDE5AF80-E994-A45E-3169-3D9772A4277D}.Release|Any CPU.ActiveCfg = Release|Any CPU
		{DDE5AF80-E994-A45E-3169-3D9772A4277D}.Release|Any CPU.Build.0 = Release|Any CPU
		{34161B49-DA25-4EAA-5713-EC66B768CF4C}.Debug|Any CPU.ActiveCfg = Debug|Any CPU
		{34161B49-DA25-4EAA-5713-EC66B768CF4C}.Debug|Any CPU.Build.0 = Debug|Any CPU
		{34161B49-DA25-4EAA-5713-EC66B768CF4C}.Release|Any CPU.ActiveCfg = Release|Any CPU
		{34161B49-DA25-4EAA-5713-EC66B768CF4C}.Release|Any CPU.Build.0 = Release|Any CPU
		{7F7E9DBA-A61F-D54E-5B5A-D44A7DCB03E7}.Debug|Any CPU.ActiveCfg = Debug|Any CPU
		{7F7E9DBA-A61F-D54E-5B5A-D44A7DCB03E7}.Debug|Any CPU.Build.0 = Debug|Any CPU
		{7F7E9DBA-A61F-D54E-5B5A-D44A7DCB03E7}.Release|Any CPU.ActiveCfg = Release|Any CPU
		{7F7E9DBA-A61F-D54E-5B5A-D44A7DCB03E7}.Release|Any CPU.Build.0 = Release|Any CPU
		{6C3F94B0-B74F-A2DC-1D54-64C13D74944D}.Debug|Any CPU.ActiveCfg = Debug|Any CPU
		{6C3F94B0-B74F-A2DC-1D54-64C13D74944D}.Debug|Any CPU.Build.0 = Debug|Any CPU
		{6C3F94B0-B74F-A2DC-1D54-64C13D74944D}.Release|Any CPU.ActiveCfg = Release|Any CPU
		{6C3F94B0-B74F-A2DC-1D54-64C13D74944D}.Release|Any CPU.Build.0 = Release|Any CPU
		{58808777-FC21-E8C8-122C-BDECDB8734B5}.Debug|Any CPU.ActiveCfg = Debug|Any CPU
		{58808777-FC21-E8C8-122C-BDECDB8734B5}.Debug|Any CPU.Build.0 = Debug|Any CPU
		{58808777-FC21-E8C8-122C-BDECDB8734B5}.Release|Any CPU.ActiveCfg = Release|Any CPU
		{58808777-FC21-E8C8-122C-BDECDB8734B5}.Release|Any CPU.Build.0 = Release|Any CPU
		{96DD78E4-5C45-4C0C-E75C-6374A6D00DE1}.Debug|Any CPU.ActiveCfg = Debug|Any CPU
		{96DD78E4-5C45-4C0C-E75C-6374A6D00DE1}.Debug|Any CPU.Build.0 = Debug|Any CPU
		{96DD78E4-5C45-4C0C-E75C-6374A6D00DE1}.Release|Any CPU.ActiveCfg = Release|Any CPU
		{96DD78E4-5C45-4C0C-E75C-6374A6D00DE1}.Release|Any CPU.Build.0 = Release|Any CPU
		{D49A7AC2-FE18-B164-9406-D27B85EDC5F3}.Debug|Any CPU.ActiveCfg = Debug|Any CPU
		{D49A7AC2-FE18-B164-9406-D27B85EDC5F3}.Debug|Any CPU.Build.0 = Debug|Any CPU
		{D49A7AC2-FE18-B164-9406-D27B85EDC5F3}.Release|Any CPU.ActiveCfg = Release|Any CPU
		{D49A7AC2-FE18-B164-9406-D27B85EDC5F3}.Release|Any CPU.Build.0 = Release|Any CPU
		{0EE8200D-C1E4-166E-1189-5B429F0E89CA}.Debug|Any CPU.ActiveCfg = Debug|Any CPU
		{0EE8200D-C1E4-166E-1189-5B429F0E89CA}.Debug|Any CPU.Build.0 = Debug|Any CPU
		{0EE8200D-C1E4-166E-1189-5B429F0E89CA}.Release|Any CPU.ActiveCfg = Release|Any CPU
		{0EE8200D-C1E4-166E-1189-5B429F0E89CA}.Release|Any CPU.Build.0 = Release|Any CPU
		{FAF878F7-84D0-4108-20BD-B1DEE08D0C9C}.Debug|Any CPU.ActiveCfg = Debug|Any CPU
		{FAF878F7-84D0-4108-20BD-B1DEE08D0C9C}.Debug|Any CPU.Build.0 = Debug|Any CPU
		{FAF878F7-84D0-4108-20BD-B1DEE08D0C9C}.Release|Any CPU.ActiveCfg = Release|Any CPU
		{FAF878F7-84D0-4108-20BD-B1DEE08D0C9C}.Release|Any CPU.Build.0 = Release|Any CPU
		{526AAB5D-80E3-C038-9C0F-282E4FBD51ED}.Debug|Any CPU.ActiveCfg = Debug|Any CPU
		{526AAB5D-80E3-C038-9C0F-282E4FBD51ED}.Debug|Any CPU.Build.0 = Debug|Any CPU
		{526AAB5D-80E3-C038-9C0F-282E4FBD51ED}.Release|Any CPU.ActiveCfg = Release|Any CPU
		{526AAB5D-80E3-C038-9C0F-282E4FBD51ED}.Release|Any CPU.Build.0 = Release|Any CPU
		{A92F654A-7B0F-69CB-E1AF-0C24BC8751D1}.Debug|Any CPU.ActiveCfg = Debug|Any CPU
		{A92F654A-7B0F-69CB-E1AF-0C24BC8751D1}.Debug|Any CPU.Build.0 = Debug|Any CPU
		{A92F654A-7B0F-69CB-E1AF-0C24BC8751D1}.Release|Any CPU.ActiveCfg = Release|Any CPU
		{A92F654A-7B0F-69CB-E1AF-0C24BC8751D1}.Release|Any CPU.Build.0 = Release|Any CPU
		{B0FB5B1F-0251-B3DD-6D09-55718DFFBE80}.Debug|Any CPU.ActiveCfg = Debug|Any CPU
		{B0FB5B1F-0251-B3DD-6D09-55718DFFBE80}.Debug|Any CPU.Build.0 = Debug|Any CPU
		{B0FB5B1F-0251-B3DD-6D09-55718DFFBE80}.Release|Any CPU.ActiveCfg = Release|Any CPU
		{B0FB5B1F-0251-B3DD-6D09-55718DFFBE80}.Release|Any CPU.Build.0 = Release|Any CPU
		{9DB5F761-9C96-E3DB-2FB6-E1A387EF551F}.Debug|Any CPU.ActiveCfg = Debug|Any CPU
		{9DB5F761-9C96-E3DB-2FB6-E1A387EF551F}.Debug|Any CPU.Build.0 = Debug|Any CPU
		{9DB5F761-9C96-E3DB-2FB6-E1A387EF551F}.Release|Any CPU.ActiveCfg = Release|Any CPU
		{9DB5F761-9C96-E3DB-2FB6-E1A387EF551F}.Release|Any CPU.Build.0 = Release|Any CPU
		{335C346C-32D0-47C0-0C64-533F67C222E2}.Debug|Any CPU.ActiveCfg = Debug|Any CPU
		{335C346C-32D0-47C0-0C64-533F67C222E2}.Debug|Any CPU.Build.0 = Debug|Any CPU
		{335C346C-32D0-47C0-0C64-533F67C222E2}.Release|Any CPU.ActiveCfg = Release|Any CPU
		{335C346C-32D0-47C0-0C64-533F67C222E2}.Release|Any CPU.Build.0 = Release|Any CPU
		{4F1D54B2-FE61-88F3-88A2-7F1495DB6FD1}.Debug|Any CPU.ActiveCfg = Debug|Any CPU
		{4F1D54B2-FE61-88F3-88A2-7F1495DB6FD1}.Debug|Any CPU.Build.0 = Debug|Any CPU
		{4F1D54B2-FE61-88F3-88A2-7F1495DB6FD1}.Release|Any CPU.ActiveCfg = Release|Any CPU
		{4F1D54B2-FE61-88F3-88A2-7F1495DB6FD1}.Release|Any CPU.Build.0 = Release|Any CPU
		{D98EDE12-45E9-2756-A3E3-0C007C3B8816}.Debug|Any CPU.ActiveCfg = Debug|Any CPU
		{D98EDE12-45E9-2756-A3E3-0C007C3B8816}.Debug|Any CPU.Build.0 = Debug|Any CPU
		{D98EDE12-45E9-2756-A3E3-0C007C3B8816}.Release|Any CPU.ActiveCfg = Release|Any CPU
		{D98EDE12-45E9-2756-A3E3-0C007C3B8816}.Release|Any CPU.Build.0 = Release|Any CPU
		{2A47903C-7A1A-1B8B-5B5C-EF9F87E82CE7}.Debug|Any CPU.ActiveCfg = Debug|Any CPU
		{2A47903C-7A1A-1B8B-5B5C-EF9F87E82CE7}.Debug|Any CPU.Build.0 = Debug|Any CPU
		{2A47903C-7A1A-1B8B-5B5C-EF9F87E82CE7}.Release|Any CPU.ActiveCfg = Release|Any CPU
		{2A47903C-7A1A-1B8B-5B5C-EF9F87E82CE7}.Release|Any CPU.Build.0 = Release|Any CPU
		{FA72B9EA-E4D6-7A40-25FE-4811C71354B4}.Debug|Any CPU.ActiveCfg = Debug|Any CPU
		{FA72B9EA-E4D6-7A40-25FE-4811C71354B4}.Debug|Any CPU.Build.0 = Debug|Any CPU
		{FA72B9EA-E4D6-7A40-25FE-4811C71354B4}.Release|Any CPU.ActiveCfg = Release|Any CPU
		{FA72B9EA-E4D6-7A40-25FE-4811C71354B4}.Release|Any CPU.Build.0 = Release|Any CPU
		{4E3A1E03-CD0B-3667-05C8-B7CC651287AE}.Debug|Any CPU.ActiveCfg = Debug|Any CPU
		{4E3A1E03-CD0B-3667-05C8-B7CC651287AE}.Debug|Any CPU.Build.0 = Debug|Any CPU
		{4E3A1E03-CD0B-3667-05C8-B7CC651287AE}.Release|Any CPU.ActiveCfg = Release|Any CPU
		{4E3A1E03-CD0B-3667-05C8-B7CC651287AE}.Release|Any CPU.Build.0 = Release|Any CPU
		{EDDAAA90-4EB3-DA5D-4E14-2028E0C7DD36}.Debug|Any CPU.ActiveCfg = Debug|Any CPU
		{EDDAAA90-4EB3-DA5D-4E14-2028E0C7DD36}.Debug|Any CPU.Build.0 = Debug|Any CPU
		{EDDAAA90-4EB3-DA5D-4E14-2028E0C7DD36}.Release|Any CPU.ActiveCfg = Release|Any CPU
		{EDDAAA90-4EB3-DA5D-4E14-2028E0C7DD36}.Release|Any CPU.Build.0 = Release|Any CPU
		{EBA6687D-7E21-FC9B-0275-28B3683A9E9F}.Debug|Any CPU.ActiveCfg = Debug|Any CPU
		{EBA6687D-7E21-FC9B-0275-28B3683A9E9F}.Debug|Any CPU.Build.0 = Debug|Any CPU
		{EBA6687D-7E21-FC9B-0275-28B3683A9E9F}.Release|Any CPU.ActiveCfg = Release|Any CPU
		{EBA6687D-7E21-FC9B-0275-28B3683A9E9F}.Release|Any CPU.Build.0 = Release|Any CPU
		{A2C18DC8-BB49-F120-A113-24AF5D623F86}.Debug|Any CPU.ActiveCfg = Debug|Any CPU
		{A2C18DC8-BB49-F120-A113-24AF5D623F86}.Debug|Any CPU.Build.0 = Debug|Any CPU
		{A2C18DC8-BB49-F120-A113-24AF5D623F86}.Release|Any CPU.ActiveCfg = Release|Any CPU
		{A2C18DC8-BB49-F120-A113-24AF5D623F86}.Release|Any CPU.Build.0 = Release|Any CPU
		{FDF19A36-F3BE-6C8C-C1CC-30DE6B379FC9}.Debug|Any CPU.ActiveCfg = Debug|Any CPU
		{FDF19A36-F3BE-6C8C-C1CC-30DE6B379FC9}.Debug|Any CPU.Build.0 = Debug|Any CPU
		{FDF19A36-F3BE-6C8C-C1CC-30DE6B379FC9}.Release|Any CPU.ActiveCfg = Release|Any CPU
		{FDF19A36-F3BE-6C8C-C1CC-30DE6B379FC9}.Release|Any CPU.Build.0 = Release|Any CPU
		{FF87BE36-384B-075D-42B1-EF940A309CB4}.Debug|Any CPU.ActiveCfg = Debug|Any CPU
		{FF87BE36-384B-075D-42B1-EF940A309CB4}.Debug|Any CPU.Build.0 = Debug|Any CPU
		{FF87BE36-384B-075D-42B1-EF940A309CB4}.Release|Any CPU.ActiveCfg = Release|Any CPU
		{FF87BE36-384B-075D-42B1-EF940A309CB4}.Release|Any CPU.Build.0 = Release|Any CPU
		{F80F74A5-4944-0ADB-B2E6-EE62657AB2E3}.Debug|Any CPU.ActiveCfg = Debug|Any CPU
		{F80F74A5-4944-0ADB-B2E6-EE62657AB2E3}.Debug|Any CPU.Build.0 = Debug|Any CPU
		{F80F74A5-4944-0ADB-B2E6-EE62657AB2E3}.Release|Any CPU.ActiveCfg = Release|Any CPU
		{F80F74A5-4944-0ADB-B2E6-EE62657AB2E3}.Release|Any CPU.Build.0 = Release|Any CPU
		{2C401F66-4748-6B1C-F8C6-4075236042B3}.Debug|Any CPU.ActiveCfg = Debug|Any CPU
		{2C401F66-4748-6B1C-F8C6-4075236042B3}.Debug|Any CPU.Build.0 = Debug|Any CPU
		{2C401F66-4748-6B1C-F8C6-4075236042B3}.Release|Any CPU.ActiveCfg = Release|Any CPU
		{2C401F66-4748-6B1C-F8C6-4075236042B3}.Release|Any CPU.Build.0 = Release|Any CPU
		{0C844639-1E48-2EAD-9671-663C45124267}.Debug|Any CPU.ActiveCfg = Debug|Any CPU
		{0C844639-1E48-2EAD-9671-663C45124267}.Debug|Any CPU.Build.0 = Debug|Any CPU
		{0C844639-1E48-2EAD-9671-663C45124267}.Release|Any CPU.ActiveCfg = Release|Any CPU
		{0C844639-1E48-2EAD-9671-663C45124267}.Release|Any CPU.Build.0 = Release|Any CPU
		{2E2B7EFA-1FD3-6A7E-5A01-4D70F21AAEC4}.Debug|Any CPU.ActiveCfg = Debug|Any CPU
		{2E2B7EFA-1FD3-6A7E-5A01-4D70F21AAEC4}.Debug|Any CPU.Build.0 = Debug|Any CPU
		{2E2B7EFA-1FD3-6A7E-5A01-4D70F21AAEC4}.Release|Any CPU.ActiveCfg = Release|Any CPU
		{2E2B7EFA-1FD3-6A7E-5A01-4D70F21AAEC4}.Release|Any CPU.Build.0 = Release|Any CPU
		{826108B3-4081-CF44-F77D-59A8C42141AA}.Debug|Any CPU.ActiveCfg = Debug|Any CPU
		{826108B3-4081-CF44-F77D-59A8C42141AA}.Debug|Any CPU.Build.0 = Debug|Any CPU
		{826108B3-4081-CF44-F77D-59A8C42141AA}.Release|Any CPU.ActiveCfg = Release|Any CPU
		{826108B3-4081-CF44-F77D-59A8C42141AA}.Release|Any CPU.Build.0 = Release|Any CPU
		{61BF3371-1080-4C53-5F0F-E9C08122BC99}.Debug|Any CPU.ActiveCfg = Debug|Any CPU
		{61BF3371-1080-4C53-5F0F-E9C08122BC99}.Debug|Any CPU.Build.0 = Debug|Any CPU
		{61BF3371-1080-4C53-5F0F-E9C08122BC99}.Release|Any CPU.ActiveCfg = Release|Any CPU
		{61BF3371-1080-4C53-5F0F-E9C08122BC99}.Release|Any CPU.Build.0 = Release|Any CPU
		{6371C204-C7FC-C277-0847-D0C454C769DD}.Debug|Any CPU.ActiveCfg = Debug|Any CPU
		{6371C204-C7FC-C277-0847-D0C454C769DD}.Debug|Any CPU.Build.0 = Debug|Any CPU
		{6371C204-C7FC-C277-0847-D0C454C769DD}.Release|Any CPU.ActiveCfg = Release|Any CPU
		{6371C204-C7FC-C277-0847-D0C454C769DD}.Release|Any CPU.Build.0 = Release|Any CPU
		{1D7F8DF6-64BD-1C84-8BC6-0FC86484FFDF}.Debug|Any CPU.ActiveCfg = Debug|Any CPU
		{1D7F8DF6-64BD-1C84-8BC6-0FC86484FFDF}.Debug|Any CPU.Build.0 = Debug|Any CPU
		{1D7F8DF6-64BD-1C84-8BC6-0FC86484FFDF}.Release|Any CPU.ActiveCfg = Release|Any CPU
		{1D7F8DF6-64BD-1C84-8BC6-0FC86484FFDF}.Release|Any CPU.Build.0 = Release|Any CPU
		{7861A76F-C719-C929-66C3-B7546A44738C}.Debug|Any CPU.ActiveCfg = Debug|Any CPU
		{7861A76F-C719-C929-66C3-B7546A44738C}.Debug|Any CPU.Build.0 = Debug|Any CPU
		{7861A76F-C719-C929-66C3-B7546A44738C}.Release|Any CPU.ActiveCfg = Release|Any CPU
		{7861A76F-C719-C929-66C3-B7546A44738C}.Release|Any CPU.Build.0 = Release|Any CPU
		{0467FAAE-B7B7-BD17-FFEC-9103EC02341B}.Debug|Any CPU.ActiveCfg = Debug|Any CPU
		{0467FAAE-B7B7-BD17-FFEC-9103EC02341B}.Debug|Any CPU.Build.0 = Debug|Any CPU
		{0467FAAE-B7B7-BD17-FFEC-9103EC02341B}.Release|Any CPU.ActiveCfg = Release|Any CPU
		{0467FAAE-B7B7-BD17-FFEC-9103EC02341B}.Release|Any CPU.Build.0 = Release|Any CPU
		{4558E139-FC10-77DA-EB83-C799FCBA9F03}.Debug|Any CPU.ActiveCfg = Debug|Any CPU
		{4558E139-FC10-77DA-EB83-C799FCBA9F03}.Debug|Any CPU.Build.0 = Debug|Any CPU
		{4558E139-FC10-77DA-EB83-C799FCBA9F03}.Release|Any CPU.ActiveCfg = Release|Any CPU
		{4558E139-FC10-77DA-EB83-C799FCBA9F03}.Release|Any CPU.Build.0 = Release|Any CPU
		{E23C6754-D90F-5D31-6B2F-82DF97687C0D}.Debug|Any CPU.ActiveCfg = Debug|Any CPU
		{E23C6754-D90F-5D31-6B2F-82DF97687C0D}.Debug|Any CPU.Build.0 = Debug|Any CPU
		{E23C6754-D90F-5D31-6B2F-82DF97687C0D}.Release|Any CPU.ActiveCfg = Release|Any CPU
		{E23C6754-D90F-5D31-6B2F-82DF97687C0D}.Release|Any CPU.Build.0 = Release|Any CPU
		{3FEA41DE-F431-1FF3-5A21-2448D1A743F3}.Debug|Any CPU.ActiveCfg = Debug|Any CPU
		{3FEA41DE-F431-1FF3-5A21-2448D1A743F3}.Debug|Any CPU.Build.0 = Debug|Any CPU
		{3FEA41DE-F431-1FF3-5A21-2448D1A743F3}.Release|Any CPU.ActiveCfg = Release|Any CPU
		{3FEA41DE-F431-1FF3-5A21-2448D1A743F3}.Release|Any CPU.Build.0 = Release|Any CPU
		{5D589014-DCF3-B199-814A-83D7D35F8AEB}.Debug|Any CPU.ActiveCfg = Debug|Any CPU
		{5D589014-DCF3-B199-814A-83D7D35F8AEB}.Debug|Any CPU.Build.0 = Debug|Any CPU
		{5D589014-DCF3-B199-814A-83D7D35F8AEB}.Release|Any CPU.ActiveCfg = Release|Any CPU
		{5D589014-DCF3-B199-814A-83D7D35F8AEB}.Release|Any CPU.Build.0 = Release|Any CPU
		{B34ED357-6DF7-FC57-2508-07A2AC44D6D6}.Debug|Any CPU.ActiveCfg = Debug|Any CPU
		{B34ED357-6DF7-FC57-2508-07A2AC44D6D6}.Debug|Any CPU.Build.0 = Debug|Any CPU
		{B34ED357-6DF7-FC57-2508-07A2AC44D6D6}.Release|Any CPU.ActiveCfg = Release|Any CPU
		{B34ED357-6DF7-FC57-2508-07A2AC44D6D6}.Release|Any CPU.Build.0 = Release|Any CPU
		{F151E502-8E93-A4EA-5A60-A547F58AB4E2}.Debug|Any CPU.ActiveCfg = Debug|Any CPU
		{F151E502-8E93-A4EA-5A60-A547F58AB4E2}.Debug|Any CPU.Build.0 = Debug|Any CPU
		{F151E502-8E93-A4EA-5A60-A547F58AB4E2}.Release|Any CPU.ActiveCfg = Release|Any CPU
		{F151E502-8E93-A4EA-5A60-A547F58AB4E2}.Release|Any CPU.Build.0 = Release|Any CPU
		{ABC64FC0-4B78-69E1-4D1D-54AC60AD7693}.Debug|Any CPU.ActiveCfg = Debug|Any CPU
		{ABC64FC0-4B78-69E1-4D1D-54AC60AD7693}.Debug|Any CPU.Build.0 = Debug|Any CPU
		{ABC64FC0-4B78-69E1-4D1D-54AC60AD7693}.Release|Any CPU.ActiveCfg = Release|Any CPU
		{ABC64FC0-4B78-69E1-4D1D-54AC60AD7693}.Release|Any CPU.Build.0 = Release|Any CPU
		{59C14B3E-A89A-518B-2589-80D0AC7F9C80}.Debug|Any CPU.ActiveCfg = Debug|Any CPU
		{59C14B3E-A89A-518B-2589-80D0AC7F9C80}.Debug|Any CPU.Build.0 = Debug|Any CPU
		{59C14B3E-A89A-518B-2589-80D0AC7F9C80}.Release|Any CPU.ActiveCfg = Release|Any CPU
		{59C14B3E-A89A-518B-2589-80D0AC7F9C80}.Release|Any CPU.Build.0 = Release|Any CPU
		{C9B30F87-6F6D-6A14-5DCF-62CBB0A026A6}.Debug|Any CPU.ActiveCfg = Debug|Any CPU
		{C9B30F87-6F6D-6A14-5DCF-62CBB0A026A6}.Debug|Any CPU.Build.0 = Debug|Any CPU
		{C9B30F87-6F6D-6A14-5DCF-62CBB0A026A6}.Release|Any CPU.ActiveCfg = Release|Any CPU
		{C9B30F87-6F6D-6A14-5DCF-62CBB0A026A6}.Release|Any CPU.Build.0 = Release|Any CPU
		{520834A5-AD91-319A-0677-850DCE8E92A4}.Debug|Any CPU.ActiveCfg = Debug|Any CPU
		{520834A5-AD91-319A-0677-850DCE8E92A4}.Debug|Any CPU.Build.0 = Debug|Any CPU
		{520834A5-AD91-319A-0677-850DCE8E92A4}.Release|Any CPU.ActiveCfg = Release|Any CPU
		{520834A5-AD91-319A-0677-850DCE8E92A4}.Release|Any CPU.Build.0 = Release|Any CPU
		{404CCAD0-414F-C7B2-7F62-29DF367B5819}.Debug|Any CPU.ActiveCfg = Debug|Any CPU
		{404CCAD0-414F-C7B2-7F62-29DF367B5819}.Debug|Any CPU.Build.0 = Debug|Any CPU
		{404CCAD0-414F-C7B2-7F62-29DF367B5819}.Release|Any CPU.ActiveCfg = Release|Any CPU
		{404CCAD0-414F-C7B2-7F62-29DF367B5819}.Release|Any CPU.Build.0 = Release|Any CPU
		{DD48CDF8-146B-8D52-E081-6F2A982C7925}.Debug|Any CPU.ActiveCfg = Debug|Any CPU
		{DD48CDF8-146B-8D52-E081-6F2A982C7925}.Debug|Any CPU.Build.0 = Debug|Any CPU
		{DD48CDF8-146B-8D52-E081-6F2A982C7925}.Release|Any CPU.ActiveCfg = Release|Any CPU
		{DD48CDF8-146B-8D52-E081-6F2A982C7925}.Release|Any CPU.Build.0 = Release|Any CPU
		{11ADA63D-3195-E002-2493-B3F751EC0BA3}.Debug|Any CPU.ActiveCfg = Debug|Any CPU
		{11ADA63D-3195-E002-2493-B3F751EC0BA3}.Debug|Any CPU.Build.0 = Debug|Any CPU
		{11ADA63D-3195-E002-2493-B3F751EC0BA3}.Release|Any CPU.ActiveCfg = Release|Any CPU
		{11ADA63D-3195-E002-2493-B3F751EC0BA3}.Release|Any CPU.Build.0 = Release|Any CPU
		{B9D420C5-9813-9711-36F9-5D1F59BC34DD}.Debug|Any CPU.ActiveCfg = Debug|Any CPU
		{B9D420C5-9813-9711-36F9-5D1F59BC34DD}.Debug|Any CPU.Build.0 = Debug|Any CPU
		{B9D420C5-9813-9711-36F9-5D1F59BC34DD}.Release|Any CPU.ActiveCfg = Release|Any CPU
		{B9D420C5-9813-9711-36F9-5D1F59BC34DD}.Release|Any CPU.Build.0 = Release|Any CPU
		{0C521D78-8795-68B4-373A-CBEE2D51C46D}.Debug|Any CPU.ActiveCfg = Debug|Any CPU
		{0C521D78-8795-68B4-373A-CBEE2D51C46D}.Debug|Any CPU.Build.0 = Debug|Any CPU
		{0C521D78-8795-68B4-373A-CBEE2D51C46D}.Release|Any CPU.ActiveCfg = Release|Any CPU
		{0C521D78-8795-68B4-373A-CBEE2D51C46D}.Release|Any CPU.Build.0 = Release|Any CPU
		{27778478-51D9-72CE-CB7D-8FE956E8D7C8}.Debug|Any CPU.ActiveCfg = Debug|Any CPU
		{27778478-51D9-72CE-CB7D-8FE956E8D7C8}.Debug|Any CPU.Build.0 = Debug|Any CPU
		{27778478-51D9-72CE-CB7D-8FE956E8D7C8}.Release|Any CPU.ActiveCfg = Release|Any CPU
		{27778478-51D9-72CE-CB7D-8FE956E8D7C8}.Release|Any CPU.Build.0 = Release|Any CPU
		{81D6D5DA-E562-7DC6-B9D8-60BA2B11D3D7}.Debug|Any CPU.ActiveCfg = Debug|Any CPU
		{81D6D5DA-E562-7DC6-B9D8-60BA2B11D3D7}.Debug|Any CPU.Build.0 = Debug|Any CPU
		{81D6D5DA-E562-7DC6-B9D8-60BA2B11D3D7}.Release|Any CPU.ActiveCfg = Release|Any CPU
		{81D6D5DA-E562-7DC6-B9D8-60BA2B11D3D7}.Release|Any CPU.Build.0 = Release|Any CPU
		{9A5C4C0E-EA6B-CF0C-3F64-31EFE5945703}.Debug|Any CPU.ActiveCfg = Debug|Any CPU
		{9A5C4C0E-EA6B-CF0C-3F64-31EFE5945703}.Debug|Any CPU.Build.0 = Debug|Any CPU
		{9A5C4C0E-EA6B-CF0C-3F64-31EFE5945703}.Release|Any CPU.ActiveCfg = Release|Any CPU
		{9A5C4C0E-EA6B-CF0C-3F64-31EFE5945703}.Release|Any CPU.Build.0 = Release|Any CPU
		{400AB9A7-8A0D-522B-CC30-AE1F6980F1D4}.Debug|Any CPU.ActiveCfg = Debug|Any CPU
		{400AB9A7-8A0D-522B-CC30-AE1F6980F1D4}.Debug|Any CPU.Build.0 = Debug|Any CPU
		{400AB9A7-8A0D-522B-CC30-AE1F6980F1D4}.Release|Any CPU.ActiveCfg = Release|Any CPU
		{400AB9A7-8A0D-522B-CC30-AE1F6980F1D4}.Release|Any CPU.Build.0 = Release|Any CPU
		{B12502C1-FBDE-E4BE-A179-57DECB718BA2}.Debug|Any CPU.ActiveCfg = Debug|Any CPU
		{B12502C1-FBDE-E4BE-A179-57DECB718BA2}.Debug|Any CPU.Build.0 = Debug|Any CPU
		{B12502C1-FBDE-E4BE-A179-57DECB718BA2}.Release|Any CPU.ActiveCfg = Release|Any CPU
		{B12502C1-FBDE-E4BE-A179-57DECB718BA2}.Release|Any CPU.Build.0 = Release|Any CPU
		{71BBFC9C-168E-6970-205F-E6FA2C9D0757}.Debug|Any CPU.ActiveCfg = Debug|Any CPU
		{71BBFC9C-168E-6970-205F-E6FA2C9D0757}.Debug|Any CPU.Build.0 = Debug|Any CPU
		{71BBFC9C-168E-6970-205F-E6FA2C9D0757}.Release|Any CPU.ActiveCfg = Release|Any CPU
		{71BBFC9C-168E-6970-205F-E6FA2C9D0757}.Release|Any CPU.Build.0 = Release|Any CPU
		{D1DEFBC7-5F05-B9A0-2725-66124820C438}.Debug|Any CPU.ActiveCfg = Debug|Any CPU
		{D1DEFBC7-5F05-B9A0-2725-66124820C438}.Debug|Any CPU.Build.0 = Debug|Any CPU
		{D1DEFBC7-5F05-B9A0-2725-66124820C438}.Release|Any CPU.ActiveCfg = Release|Any CPU
		{D1DEFBC7-5F05-B9A0-2725-66124820C438}.Release|Any CPU.Build.0 = Release|Any CPU
		{41196307-F841-216F-B181-929BAEF2DB61}.Debug|Any CPU.ActiveCfg = Debug|Any CPU
		{41196307-F841-216F-B181-929BAEF2DB61}.Debug|Any CPU.Build.0 = Debug|Any CPU
		{41196307-F841-216F-B181-929BAEF2DB61}.Release|Any CPU.ActiveCfg = Release|Any CPU
		{41196307-F841-216F-B181-929BAEF2DB61}.Release|Any CPU.Build.0 = Release|Any CPU
		{F40B49B2-41FD-D613-86C1-9EAD75E1A3DF}.Debug|Any CPU.ActiveCfg = Debug|Any CPU
		{F40B49B2-41FD-D613-86C1-9EAD75E1A3DF}.Debug|Any CPU.Build.0 = Debug|Any CPU
		{F40B49B2-41FD-D613-86C1-9EAD75E1A3DF}.Release|Any CPU.ActiveCfg = Release|Any CPU
		{F40B49B2-41FD-D613-86C1-9EAD75E1A3DF}.Release|Any CPU.Build.0 = Release|Any CPU
		{F278252F-7C71-C2E5-0E0A-1A49264D7602}.Debug|Any CPU.ActiveCfg = Debug|Any CPU
		{F278252F-7C71-C2E5-0E0A-1A49264D7602}.Debug|Any CPU.Build.0 = Debug|Any CPU
		{F278252F-7C71-C2E5-0E0A-1A49264D7602}.Release|Any CPU.ActiveCfg = Release|Any CPU
		{F278252F-7C71-C2E5-0E0A-1A49264D7602}.Release|Any CPU.Build.0 = Release|Any CPU
		{1593C57E-9410-66C0-A9B1-E911B39656D0}.Debug|Any CPU.ActiveCfg = Debug|Any CPU
		{1593C57E-9410-66C0-A9B1-E911B39656D0}.Debug|Any CPU.Build.0 = Debug|Any CPU
		{1593C57E-9410-66C0-A9B1-E911B39656D0}.Release|Any CPU.ActiveCfg = Release|Any CPU
		{1593C57E-9410-66C0-A9B1-E911B39656D0}.Release|Any CPU.Build.0 = Release|Any CPU
		{13381852-6994-823E-E2DF-00B7E2004966}.Debug|Any CPU.ActiveCfg = Debug|Any CPU
		{13381852-6994-823E-E2DF-00B7E2004966}.Debug|Any CPU.Build.0 = Debug|Any CPU
		{13381852-6994-823E-E2DF-00B7E2004966}.Release|Any CPU.ActiveCfg = Release|Any CPU
		{13381852-6994-823E-E2DF-00B7E2004966}.Release|Any CPU.Build.0 = Release|Any CPU
		{6FC00B33-7D3A-043C-DBA5-9F401ADD98FD}.Debug|Any CPU.ActiveCfg = Debug|Any CPU
		{6FC00B33-7D3A-043C-DBA5-9F401ADD98FD}.Debug|Any CPU.Build.0 = Debug|Any CPU
		{6FC00B33-7D3A-043C-DBA5-9F401ADD98FD}.Release|Any CPU.ActiveCfg = Release|Any CPU
		{6FC00B33-7D3A-043C-DBA5-9F401ADD98FD}.Release|Any CPU.Build.0 = Release|Any CPU
		{C7E57CAF-9CC6-26D9-C0B8-7989EFBDD868}.Debug|Any CPU.ActiveCfg = Debug|Any CPU
		{C7E57CAF-9CC6-26D9-C0B8-7989EFBDD868}.Debug|Any CPU.Build.0 = Debug|Any CPU
		{C7E57CAF-9CC6-26D9-C0B8-7989EFBDD868}.Release|Any CPU.ActiveCfg = Release|Any CPU
		{C7E57CAF-9CC6-26D9-C0B8-7989EFBDD868}.Release|Any CPU.Build.0 = Release|Any CPU
		{18D3D19A-8D49-11A8-7161-0B4294B4CFDE}.Debug|Any CPU.ActiveCfg = Debug|Any CPU
		{18D3D19A-8D49-11A8-7161-0B4294B4CFDE}.Debug|Any CPU.Build.0 = Debug|Any CPU
		{18D3D19A-8D49-11A8-7161-0B4294B4CFDE}.Release|Any CPU.ActiveCfg = Release|Any CPU
		{18D3D19A-8D49-11A8-7161-0B4294B4CFDE}.Release|Any CPU.Build.0 = Release|Any CPU
		{C2376FDE-FB22-F4FE-F86F-E19C93C43698}.Debug|Any CPU.ActiveCfg = Debug|Any CPU
		{C2376FDE-FB22-F4FE-F86F-E19C93C43698}.Debug|Any CPU.Build.0 = Debug|Any CPU
		{C2376FDE-FB22-F4FE-F86F-E19C93C43698}.Release|Any CPU.ActiveCfg = Release|Any CPU
		{C2376FDE-FB22-F4FE-F86F-E19C93C43698}.Release|Any CPU.Build.0 = Release|Any CPU
		{6DC57BDC-1483-BA92-B634-A795B744EB02}.Debug|Any CPU.ActiveCfg = Debug|Any CPU
		{6DC57BDC-1483-BA92-B634-A795B744EB02}.Debug|Any CPU.Build.0 = Debug|Any CPU
		{6DC57BDC-1483-BA92-B634-A795B744EB02}.Release|Any CPU.ActiveCfg = Release|Any CPU
		{6DC57BDC-1483-BA92-B634-A795B744EB02}.Release|Any CPU.Build.0 = Release|Any CPU
		{EBE7B08A-3898-5B80-CCD7-2451CB05ECA4}.Debug|Any CPU.ActiveCfg = Debug|Any CPU
		{EBE7B08A-3898-5B80-CCD7-2451CB05ECA4}.Debug|Any CPU.Build.0 = Debug|Any CPU
		{EBE7B08A-3898-5B80-CCD7-2451CB05ECA4}.Release|Any CPU.ActiveCfg = Release|Any CPU
		{EBE7B08A-3898-5B80-CCD7-2451CB05ECA4}.Release|Any CPU.Build.0 = Release|Any CPU
		{65FD9AAC-8E5D-26CA-67CE-F80F36D80AF3}.Debug|Any CPU.ActiveCfg = Debug|Any CPU
		{65FD9AAC-8E5D-26CA-67CE-F80F36D80AF3}.Debug|Any CPU.Build.0 = Debug|Any CPU
		{65FD9AAC-8E5D-26CA-67CE-F80F36D80AF3}.Release|Any CPU.ActiveCfg = Release|Any CPU
		{65FD9AAC-8E5D-26CA-67CE-F80F36D80AF3}.Release|Any CPU.Build.0 = Release|Any CPU
		{8BA7E70D-433E-91D1-9E30-22A68E5AE89A}.Debug|Any CPU.ActiveCfg = Debug|Any CPU
		{8BA7E70D-433E-91D1-9E30-22A68E5AE89A}.Debug|Any CPU.Build.0 = Debug|Any CPU
		{8BA7E70D-433E-91D1-9E30-22A68E5AE89A}.Release|Any CPU.ActiveCfg = Release|Any CPU
		{8BA7E70D-433E-91D1-9E30-22A68E5AE89A}.Release|Any CPU.Build.0 = Release|Any CPU
		{1CDEE6E3-4BD3-3450-49A2-468453382B0D}.Debug|Any CPU.ActiveCfg = Debug|Any CPU
		{1CDEE6E3-4BD3-3450-49A2-468453382B0D}.Debug|Any CPU.Build.0 = Debug|Any CPU
		{1CDEE6E3-4BD3-3450-49A2-468453382B0D}.Release|Any CPU.ActiveCfg = Release|Any CPU
		{1CDEE6E3-4BD3-3450-49A2-468453382B0D}.Release|Any CPU.Build.0 = Release|Any CPU
		{123E2540-EA7A-8419-1B0A-54D87020C2A5}.Debug|Any CPU.ActiveCfg = Debug|Any CPU
		{123E2540-EA7A-8419-1B0A-54D87020C2A5}.Debug|Any CPU.Build.0 = Debug|Any CPU
		{123E2540-EA7A-8419-1B0A-54D87020C2A5}.Release|Any CPU.ActiveCfg = Release|Any CPU
		{123E2540-EA7A-8419-1B0A-54D87020C2A5}.Release|Any CPU.Build.0 = Release|Any CPU
		{9C8C2008-4FCB-DE68-1523-EC9E041AFAE4}.Debug|Any CPU.ActiveCfg = Debug|Any CPU
		{9C8C2008-4FCB-DE68-1523-EC9E041AFAE4}.Debug|Any CPU.Build.0 = Debug|Any CPU
		{9C8C2008-4FCB-DE68-1523-EC9E041AFAE4}.Release|Any CPU.ActiveCfg = Release|Any CPU
		{9C8C2008-4FCB-DE68-1523-EC9E041AFAE4}.Release|Any CPU.Build.0 = Release|Any CPU
		{C7A1D2DC-34F0-CD68-E9D0-D8DDA7513BB6}.Debug|Any CPU.ActiveCfg = Debug|Any CPU
		{C7A1D2DC-34F0-CD68-E9D0-D8DDA7513BB6}.Debug|Any CPU.Build.0 = Debug|Any CPU
		{C7A1D2DC-34F0-CD68-E9D0-D8DDA7513BB6}.Release|Any CPU.ActiveCfg = Release|Any CPU
		{C7A1D2DC-34F0-CD68-E9D0-D8DDA7513BB6}.Release|Any CPU.Build.0 = Release|Any CPU
		{7B251EBF-6A8C-1942-C5ED-840494AC62C5}.Debug|Any CPU.ActiveCfg = Debug|Any CPU
		{7B251EBF-6A8C-1942-C5ED-840494AC62C5}.Debug|Any CPU.Build.0 = Debug|Any CPU
		{7B251EBF-6A8C-1942-C5ED-840494AC62C5}.Release|Any CPU.ActiveCfg = Release|Any CPU
		{7B251EBF-6A8C-1942-C5ED-840494AC62C5}.Release|Any CPU.Build.0 = Release|Any CPU
		{BF9B6354-D1CE-6DF3-907A-5ECEA88059CB}.Debug|Any CPU.ActiveCfg = Debug|Any CPU
		{BF9B6354-D1CE-6DF3-907A-5ECEA88059CB}.Debug|Any CPU.Build.0 = Debug|Any CPU
		{BF9B6354-D1CE-6DF3-907A-5ECEA88059CB}.Release|Any CPU.ActiveCfg = Release|Any CPU
		{BF9B6354-D1CE-6DF3-907A-5ECEA88059CB}.Release|Any CPU.Build.0 = Release|Any CPU
		{94EB1D2C-84CB-29F0-DD19-92F09028528C}.Debug|Any CPU.ActiveCfg = Debug|Any CPU
		{94EB1D2C-84CB-29F0-DD19-92F09028528C}.Debug|Any CPU.Build.0 = Debug|Any CPU
		{94EB1D2C-84CB-29F0-DD19-92F09028528C}.Release|Any CPU.ActiveCfg = Release|Any CPU
		{94EB1D2C-84CB-29F0-DD19-92F09028528C}.Release|Any CPU.Build.0 = Release|Any CPU
		{B591DAAB-CA49-B41F-C094-90DC39B0C1A4}.Debug|Any CPU.ActiveCfg = Debug|Any CPU
		{B591DAAB-CA49-B41F-C094-90DC39B0C1A4}.Debug|Any CPU.Build.0 = Debug|Any CPU
		{B591DAAB-CA49-B41F-C094-90DC39B0C1A4}.Release|Any CPU.ActiveCfg = Release|Any CPU
		{B591DAAB-CA49-B41F-C094-90DC39B0C1A4}.Release|Any CPU.Build.0 = Release|Any CPU
		{69E5B1DB-15C4-0E4B-F2A8-017EEED68943}.Debug|Any CPU.ActiveCfg = Debug|Any CPU
		{69E5B1DB-15C4-0E4B-F2A8-017EEED68943}.Debug|Any CPU.Build.0 = Debug|Any CPU
		{69E5B1DB-15C4-0E4B-F2A8-017EEED68943}.Release|Any CPU.ActiveCfg = Release|Any CPU
		{69E5B1DB-15C4-0E4B-F2A8-017EEED68943}.Release|Any CPU.Build.0 = Release|Any CPU
		{8C3128F8-7744-DA6D-9FE8-6A2ED51D4110}.Debug|Any CPU.ActiveCfg = Debug|Any CPU
		{8C3128F8-7744-DA6D-9FE8-6A2ED51D4110}.Debug|Any CPU.Build.0 = Debug|Any CPU
		{8C3128F8-7744-DA6D-9FE8-6A2ED51D4110}.Release|Any CPU.ActiveCfg = Release|Any CPU
		{8C3128F8-7744-DA6D-9FE8-6A2ED51D4110}.Release|Any CPU.Build.0 = Release|Any CPU
		{9CEEC76F-30C9-0861-8E18-2CC1BD09AF3B}.Debug|Any CPU.ActiveCfg = Debug|Any CPU
		{9CEEC76F-30C9-0861-8E18-2CC1BD09AF3B}.Debug|Any CPU.Build.0 = Debug|Any CPU
		{9CEEC76F-30C9-0861-8E18-2CC1BD09AF3B}.Release|Any CPU.ActiveCfg = Release|Any CPU
		{9CEEC76F-30C9-0861-8E18-2CC1BD09AF3B}.Release|Any CPU.Build.0 = Release|Any CPU
		{AAFF75A3-F5FD-AAC7-3EB4-0140BDD47E0F}.Debug|Any CPU.ActiveCfg = Debug|Any CPU
		{AAFF75A3-F5FD-AAC7-3EB4-0140BDD47E0F}.Debug|Any CPU.Build.0 = Debug|Any CPU
		{AAFF75A3-F5FD-AAC7-3EB4-0140BDD47E0F}.Release|Any CPU.ActiveCfg = Release|Any CPU
		{AAFF75A3-F5FD-AAC7-3EB4-0140BDD47E0F}.Release|Any CPU.Build.0 = Release|Any CPU
		{DDC6D9E0-2B41-A542-7884-EB67755CD028}.Debug|Any CPU.ActiveCfg = Debug|Any CPU
		{DDC6D9E0-2B41-A542-7884-EB67755CD028}.Debug|Any CPU.Build.0 = Debug|Any CPU
		{DDC6D9E0-2B41-A542-7884-EB67755CD028}.Release|Any CPU.ActiveCfg = Release|Any CPU
		{DDC6D9E0-2B41-A542-7884-EB67755CD028}.Release|Any CPU.Build.0 = Release|Any CPU
		{87B00A5C-5CB6-55F7-FAB8-EC2DBC4E6054}.Debug|Any CPU.ActiveCfg = Debug|Any CPU
		{87B00A5C-5CB6-55F7-FAB8-EC2DBC4E6054}.Debug|Any CPU.Build.0 = Debug|Any CPU
		{87B00A5C-5CB6-55F7-FAB8-EC2DBC4E6054}.Release|Any CPU.ActiveCfg = Release|Any CPU
		{87B00A5C-5CB6-55F7-FAB8-EC2DBC4E6054}.Release|Any CPU.Build.0 = Release|Any CPU
		{17B78AE8-5E57-D6EF-4646-BDF82FD1A62E}.Debug|Any CPU.ActiveCfg = Debug|Any CPU
		{17B78AE8-5E57-D6EF-4646-BDF82FD1A62E}.Debug|Any CPU.Build.0 = Debug|Any CPU
		{17B78AE8-5E57-D6EF-4646-BDF82FD1A62E}.Release|Any CPU.ActiveCfg = Release|Any CPU
		{17B78AE8-5E57-D6EF-4646-BDF82FD1A62E}.Release|Any CPU.Build.0 = Release|Any CPU
		{AA9D3745-356C-0CE6-AA80-0F8EB3DDEEA1}.Debug|Any CPU.ActiveCfg = Debug|Any CPU
		{AA9D3745-356C-0CE6-AA80-0F8EB3DDEEA1}.Debug|Any CPU.Build.0 = Debug|Any CPU
		{AA9D3745-356C-0CE6-AA80-0F8EB3DDEEA1}.Release|Any CPU.ActiveCfg = Release|Any CPU
		{AA9D3745-356C-0CE6-AA80-0F8EB3DDEEA1}.Release|Any CPU.Build.0 = Release|Any CPU
		{1A60922D-5EE1-9AEF-9163-D2EC41A3165B}.Debug|Any CPU.ActiveCfg = Debug|Any CPU
		{1A60922D-5EE1-9AEF-9163-D2EC41A3165B}.Debug|Any CPU.Build.0 = Debug|Any CPU
		{1A60922D-5EE1-9AEF-9163-D2EC41A3165B}.Release|Any CPU.ActiveCfg = Release|Any CPU
		{1A60922D-5EE1-9AEF-9163-D2EC41A3165B}.Release|Any CPU.Build.0 = Release|Any CPU
	EndGlobalSection
	GlobalSection(SolutionProperties) = preSolution
		HideSolutionNode = FALSE
	EndGlobalSection
EndGlobal
